<?xml version="1.0" encoding="utf-8"?>
<Project ToolsVersion="4.0" xmlns="http://schemas.microsoft.com/developer/msbuild/2003">
  <ItemGroup>
    <Filter Include="Source Files">
      <UniqueIdentifier>{4FC737F1-C7A5-4376-A066-2A32D752A2FF}</UniqueIdentifier>
      <Extensions>cpp;c;cc;cxx;def;odl;idl;hpj;bat;asm;asmx</Extensions>
    </Filter>
  </ItemGroup>
  <ItemGroup>
    <ClCompile Include="Source\beemutex.cpp">
      <Filter>Source Files</Filter>
    </ClCompile>
    <ClCompile Include="Source\cmdline.cpp">
      <Filter>Source Files</Filter>
    </ClCompile>
    <ClCompile Include="Source\connection.cpp">
      <Filter>Source Files</Filter>
    </ClCompile>
    <ClCompile Include="Source\cpool.cpp">
      <Filter>Source Files</Filter>
    </ClCompile>
    <ClCompile Include="Source\datetime.cpp">
      <Filter>Source Files</Filter>
    </ClCompile>
    <ClCompile Include="Source\dbdriver.cpp">
      <Filter>Source Files</Filter>
    </ClCompile>
    <ClCompile Include="Source\field_names.cpp">
      <Filter>Source Files</Filter>
    </ClCompile>
    <ClCompile Include="Source\field_types.cpp">
      <Filter>Source Files</Filter>
    </ClCompile>
    <ClCompile Include="Source\manip.cpp">
      <Filter>Source Files</Filter>
    </ClCompile>
    <ClCompile Include="Source\myset.cpp">
      <Filter>Source Files</Filter>
    </ClCompile>
    <ClCompile Include="Source\mysql++.cpp">
      <Filter>Source Files</Filter>
    </ClCompile>
    <ClCompile Include="Source\mystring.cpp">
      <Filter>Source Files</Filter>
    </ClCompile>
    <ClCompile Include="Source\null.cpp">
      <Filter>Source Files</Filter>
    </ClCompile>
    <ClCompile Include="Source\options.cpp">
      <Filter>Source Files</Filter>
    </ClCompile>
    <ClCompile Include="Source\qparms.cpp">
      <Filter>Source Files</Filter>
    </ClCompile>
    <ClCompile Include="Source\query.cpp">
      <Filter>Source Files</Filter>
    </ClCompile>
    <ClCompile Include="Source\result.cpp">
      <Filter>Source Files</Filter>
    </ClCompile>
    <ClCompile Include="Source\row.cpp">
      <Filter>Source Files</Filter>
    </ClCompile>
    <ClCompile Include="Source\scopedconnection.cpp">
      <Filter>Source Files</Filter>
    </ClCompile>
    <ClCompile Include="Source\sql_buffer.cpp">
      <Filter>Source Files</Filter>
    </ClCompile>
    <ClCompile Include="Source\sqlstream.cpp">
      <Filter>Source Files</Filter>
    </ClCompile>
    <ClCompile Include="Source\ssqls2.cpp">
      <Filter>Source Files</Filter>
    </ClCompile>
    <ClCompile Include="Source\stadapter.cpp">
      <Filter>Source Files</Filter>
    </ClCompile>
    <ClCompile Include="Source\tcp_connection.cpp">
      <Filter>Source Files</Filter>
    </ClCompile>
    <ClCompile Include="Source\transaction.cpp">
      <Filter>Source Files</Filter>
    </ClCompile>
    <ClCompile Include="Source\uds_connection.cpp">
      <Filter>Source Files</Filter>
    </ClCompile>
    <ClCompile Include="Source\utility.cpp">
      <Filter>Source Files</Filter>
    </ClCompile>
    <ClCompile Include="Source\vallist.cpp">
      <Filter>Source Files</Filter>
    </ClCompile>
    <ClCompile Include="Source\wnp_connection.cpp">
      <Filter>Source Files</Filter>
    </ClCompile>
  </ItemGroup>
  <ItemGroup>
    <ClInclude Include="Source\beemutex.h">
      <Filter>Source Files</Filter>
    </ClInclude>
    <ClInclude Include="Source\cmdline.h">
      <Filter>Source Files</Filter>
    </ClInclude>
    <ClInclude Include="Source\common.h">
      <Filter>Source Files</Filter>
    </ClInclude>
    <ClInclude Include="Source\comparable.h">
      <Filter>Source Files</Filter>
    </ClInclude>
    <ClInclude Include="Source\connection.h">
      <Filter>Source Files</Filter>
    </ClInclude>
    <ClInclude Include="Source\cpool.h">
      <Filter>Source Files</Filter>
    </ClInclude>
    <ClInclude Include="Source\datetime.h">
      <Filter>Source Files</Filter>
    </ClInclude>
    <ClInclude Include="Source\dbdriver.h">
      <Filter>Source Files</Filter>
    </ClInclude>
    <ClInclude Include="Source\exceptions.h">
      <Filter>Source Files</Filter>
    </ClInclude>
    <ClInclude Include="Source\field.h">
      <Filter>Source Files</Filter>
    </ClInclude>
    <ClInclude Include="Source\field_names.h">
      <Filter>Source Files</Filter>
    </ClInclude>
    <ClInclude Include="Source\field_types.h">
      <Filter>Source Files</Filter>
    </ClInclude>
    <ClInclude Include="Source\insertpolicy.h">
      <Filter>Source Files</Filter>
    </ClInclude>
    <ClInclude Include="Source\manip.h">
      <Filter>Source Files</Filter>
    </ClInclude>
    <ClInclude Include="Source\myset.h">
      <Filter>Source Files</Filter>
    </ClInclude>
    <ClInclude Include="Source\mysql++.h">
      <Filter>Source Files</Filter>
    </ClInclude>
    <ClInclude Include="Source\mystring.h">
      <Filter>Source Files</Filter>
    </ClInclude>
    <ClInclude Include="Source\noexceptions.h">
      <Filter>Source Files</Filter>
    </ClInclude>
    <ClInclude Include="Source\null.h">
      <Filter>Source Files</Filter>
    </ClInclude>
    <ClInclude Include="Source\options.h">
      <Filter>Source Files</Filter>
    </ClInclude>
    <ClInclude Include="Source\qparms.h">
      <Filter>Source Files</Filter>
    </ClInclude>
    <ClInclude Include="Source\query.h">
      <Filter>Source Files</Filter>
    </ClInclude>
    <ClInclude Include="Source\querydef.h">
      <Filter>Source Files</Filter>
    </ClInclude>
    <ClInclude Include="Source\refcounted.h">
      <Filter>Source Files</Filter>
    </ClInclude>
    <ClInclude Include="Source\result.h">
      <Filter>Source Files</Filter>
    </ClInclude>
    <ClInclude Include="Source\row.h">
      <Filter>Source Files</Filter>
    </ClInclude>
    <ClInclude Include="Source\scopedconnection.h">
      <Filter>Source Files</Filter>
    </ClInclude>
    <ClInclude Include="Source\sql_buffer.h">
      <Filter>Source Files</Filter>
    </ClInclude>
    <ClInclude Include="Source\sql_types.h">
      <Filter>Source Files</Filter>
    </ClInclude>
    <ClInclude Include="Source\sqlstream.h">
      <Filter>Source Files</Filter>
    </ClInclude>
    <ClInclude Include="Source\ssqls.h">
      <Filter>Source Files</Filter>
    </ClInclude>
    <ClInclude Include="Source\ssqls2.h">
      <Filter>Source Files</Filter>
    </ClInclude>
    <ClInclude Include="Source\stadapter.h">
      <Filter>Source Files</Filter>
    </ClInclude>
    <ClInclude Include="Source\stream2string.h">
      <Filter>Source Files</Filter>
    </ClInclude>
    <ClInclude Include="Source\tcp_connection.h">
      <Filter>Source Files</Filter>
    </ClInclude>
    <ClInclude Include="Source\tiny_int.h">
      <Filter>Source Files</Filter>
    </ClInclude>
    <ClInclude Include="Source\transaction.h">
      <Filter>Source Files</Filter>
    </ClInclude>
    <ClInclude Include="Source\uds_connection.h">
      <Filter>Source Files</Filter>
    </ClInclude>
    <ClInclude Include="Source\utility.h">
      <Filter>Source Files</Filter>
    </ClInclude>
    <ClInclude Include="Source\vallist.h">
      <Filter>Source Files</Filter>
    </ClInclude>
    <ClInclude Include="Source\wnp_connection.h">
      <Filter>Source Files</Filter>
    </ClInclude>
    <ClInclude Include="Source\autoflag.h">
      <Filter>Source Files</Filter>
    </ClInclude>
  </ItemGroup>
</Project>